// !$*UTF8*$!
{
	archiveVersion = 1;
	classes = {
	};
	objectVersion = 56;
	objects = {

/* Begin PBXBuildFile section */
		B5690C4B2B07A77A00F20571 /* FeaturesPage.swift in Sources */ = {isa = PBXBuildFile; fileRef = B5690C4A2B07A77A00F20571 /* FeaturesPage.swift */; };
		B5690C4D2B07A7B400F20571 /* FeatureCard.swift in Sources */ = {isa = PBXBuildFile; fileRef = B5690C4C2B07A7B400F20571 /* FeatureCard.swift */; };
		B582BD0F2B078AFA0020EC81 /* OnboardingFlowApp.swift in Sources */ = {isa = PBXBuildFile; fileRef = B582BD0E2B078AFA0020EC81 /* OnboardingFlowApp.swift */; };
		B582BD112B078AFA0020EC81 /* ContentView.swift in Sources */ = {isa = PBXBuildFile; fileRef = B582BD102B078AFA0020EC81 /* ContentView.swift */; };
		B582BD132B078AFB0020EC81 /* Assets.xcassets in Resources */ = {isa = PBXBuildFile; fileRef = B582BD122B078AFB0020EC81 /* Assets.xcassets */; };
		B582BD162B078AFB0020EC81 /* Preview Assets.xcassets in Resources */ = {isa = PBXBuildFile; fileRef = B582BD152B078AFB0020EC81 /* Preview Assets.xcassets */; };
		B582BD202B078AFB0020EC81 /* OnboardingFlowTests.swift in Sources */ = {isa = PBXBuildFile; fileRef = B582BD1F2B078AFB0020EC81 /* OnboardingFlowTests.swift */; };
		B582BD2A2B078AFB0020EC81 /* OnboardingFlowUITests.swift in Sources */ = {isa = PBXBuildFile; fileRef = B582BD292B078AFB0020EC81 /* OnboardingFlowUITests.swift */; };
		B582BD2C2B078AFB0020EC81 /* OnboardingFlowUITestsLaunchTests.swift in Sources */ = {isa = PBXBuildFile; fileRef = B582BD2B2B078AFB0020EC81 /* OnboardingFlowUITestsLaunchTests.swift */; };
		B582BD392B078B200020EC81 /* WelcomePage.swift in Sources */ = {isa = PBXBuildFile; fileRef = B582BD382B078B200020EC81 /* WelcomePage.swift */; };
/* End PBXBuildFile section */

/* Begin PBXContainerItemProxy section */
		B582BD1C2B078AFB0020EC81 /* PBXContainerItemProxy */ = {
			isa = PBXContainerItemProxy;
			containerPortal = B582BD032B078AFA0020EC81 /* Project object */;
			proxyType = 1;
			remoteGlobalIDString = B582BD0A2B078AFA0020EC81;
			remoteInfo = OnboardingFlow;
		};
		B582BD262B078AFB0020EC81 /* PBXContainerItemProxy */ = {
			isa = PBXContainerItemProxy;
			containerPortal = B582BD032B078AFA0020EC81 /* Project object */;
			proxyType = 1;
			remoteGlobalIDString = B582BD0A2B078AFA0020EC81;
			remoteInfo = OnboardingFlow;
		};
/* End PBXContainerItemProxy section */

/* Begin PBXFileReference section */
		B5690C4A2B07A77A00F20571 /* FeaturesPage.swift */ = {isa = PBXFileReference; lastKnownFileType = sourcecode.swift; path = FeaturesPage.swift; sourceTree = "<group>"; };
		B5690C4C2B07A7B400F20571 /* FeatureCard.swift */ = {isa = PBXFileReference; lastKnownFileType = sourcecode.swift; path = FeatureCard.swift; sourceTree = "<group>"; };
		B582BD0B2B078AFA0020EC81 /* OnboardingFlow.app */ = {isa = PBXFileReference; explicitFileType = wrapper.application; includeInIndex = 0; path = OnboardingFlow.app; sourceTree = BUILT_PRODUCTS_DIR; };
		B582BD0E2B078AFA0020EC81 /* OnboardingFlowApp.swift */ = {isa = PBXFileReference; lastKnownFileType = sourcecode.swift; path = OnboardingFlowApp.swift; sourceTree = "<group>"; };
		B582BD102B078AFA0020EC81 /* ContentView.swift */ = {isa = PBXFileReference; lastKnownFileType = sourcecode.swift; path = ContentView.swift; sourceTree = "<group>"; };
		B582BD122B078AFB0020EC81 /* Assets.xcassets */ = {isa = PBXFileReference; lastKnownFileType = folder.assetcatalog; path = Assets.xcassets; sourceTree = "<group>"; };
		B582BD152B078AFB0020EC81 /* Preview Assets.xcassets */ = {isa = PBXFileReference; lastKnownFileType = folder.assetcatalog; path = "Preview Assets.xcassets"; sourceTree = "<group>"; };
		B582BD1B2B078AFB0020EC81 /* OnboardingFlowTests.xctest */ = {isa = PBXFileReference; explicitFileType = wrapper.cfbundle; includeInIndex = 0; path = OnboardingFlowTests.xctest; sourceTree = BUILT_PRODUCTS_DIR; };
		B582BD1F2B078AFB0020EC81 /* OnboardingFlowTests.swift */ = {isa = PBXFileReference; lastKnownFileType = sourcecode.swift; path = OnboardingFlowTests.swift; sourceTree = "<group>"; };
		B582BD252B078AFB0020EC81 /* OnboardingFlowUITests.xctest */ = {isa = PBXFileReference; explicitFileType = wrapper.cfbundle; includeInIndex = 0; path = OnboardingFlowUITests.xctest; sourceTree = BUILT_PRODUCTS_DIR; };
		B582BD292B078AFB0020EC81 /* OnboardingFlowUITests.swift */ = {isa = PBXFileReference; lastKnownFileType = sourcecode.swift; path = OnboardingFlowUITests.swift; sourceTree = "<group>"; };
		B582BD2B2B078AFB0020EC81 /* OnboardingFlowUITestsLaunchTests.swift */ = {isa = PBXFileReference; lastKnownFileType = sourcecode.swift; path = OnboardingFlowUITestsLaunchTests.swift; sourceTree = "<group>"; };
		B582BD382B078B200020EC81 /* WelcomePage.swift */ = {isa = PBXFileReference; lastKnownFileType = sourcecode.swift; path = WelcomePage.swift; sourceTree = "<group>"; };
/* End PBXFileReference section */

/* Begin PBXFrameworksBuildPhase section */
		B582BD082B078AFA0020EC81 /* Frameworks */ = {
			isa = PBXFrameworksBuildPhase;
			buildActionMask = 2147483647;
			files = (
			);
			runOnlyForDeploymentPostprocessing = 0;
		};
		B582BD182B078AFB0020EC81 /* Frameworks */ = {
			isa = PBXFrameworksBuildPhase;
			buildActionMask = 2147483647;
			files = (
			);
			runOnlyForDeploymentPostprocessing = 0;
		};
		B582BD222B078AFB0020EC81 /* Frameworks */ = {
			isa = PBXFrameworksBuildPhase;
			buildActionMask = 2147483647;
			files = (
			);
			runOnlyForDeploymentPostprocessing = 0;
		};
/* End PBXFrameworksBuildPhase section */

/* Begin PBXGroup section */
		B582BD022B078AFA0020EC81 = {
			isa = PBXGroup;
			children = (
				B582BD0D2B078AFA0020EC81 /* OnboardingFlow */,
				B582BD1E2B078AFB0020EC81 /* OnboardingFlowTests */,
				B582BD282B078AFB0020EC81 /* OnboardingFlowUITests */,
				B582BD0C2B078AFA0020EC81 /* Products */,
			);
			sourceTree = "<group>";
		};
		B582BD0C2B078AFA0020EC81 /* Products */ = {
			isa = PBXGroup;
			children = (
				B582BD0B2B078AFA0020EC81 /* OnboardingFlow.app */,
				B582BD1B2B078AFB0020EC81 /* OnboardingFlowTests.xctest */,
				B582BD252B078AFB0020EC81 /* OnboardingFlowUITests.xctest */,
			);
			name = Products;
			sourceTree = "<group>";
		};
		B582BD0D2B078AFA0020EC81 /* OnboardingFlow */ = {
			isa = PBXGroup;
			children = (
				B582BD0E2B078AFA0020EC81 /* OnboardingFlowApp.swift */,
				B582BD102B078AFA0020EC81 /* ContentView.swift */,
				B582BD382B078B200020EC81 /* WelcomePage.swift */,
				B5690C4A2B07A77A00F20571 /* FeaturesPage.swift */,
				B5690C4C2B07A7B400F20571 /* FeatureCard.swift */,
				B582BD122B078AFB0020EC81 /* Assets.xcassets */,
				B582BD142B078AFB0020EC81 /* Preview Content */,
			);
			path = OnboardingFlow;
			sourceTree = "<group>";
		};
		B582BD142B078AFB0020EC81 /* Preview Content */ = {
			isa = PBXGroup;
			children = (
				B582BD152B078AFB0020EC81 /* Preview Assets.xcassets */,
			);
			path = "Preview Content";
			sourceTree = "<group>";
		};
		B582BD1E2B078AFB0020EC81 /* OnboardingFlowTests */ = {
			isa = PBXGroup;
			children = (
				B582BD1F2B078AFB0020EC81 /* OnboardingFlowTests.swift */,
			);
			path = OnboardingFlowTests;
			sourceTree = "<group>";
		};
		B582BD282B078AFB0020EC81 /* OnboardingFlowUITests */ = {
			isa = PBXGroup;
			children = (
				B582BD292B078AFB0020EC81 /* OnboardingFlowUITests.swift */,
				B582BD2B2B078AFB0020EC81 /* OnboardingFlowUITestsLaunchTests.swift */,
			);
			path = OnboardingFlowUITests;
			sourceTree = "<group>";
		};
/* End PBXGroup section */

/* Begin PBXNativeTarget section */
		B582BD0A2B078AFA0020EC81 /* OnboardingFlow */ = {
			isa = PBXNativeTarget;
			buildConfigurationList = B582BD2F2B078AFB0020EC81 /* Build configuration list for PBXNativeTarget "OnboardingFlow" */;
			buildPhases = (
				B582BD072B078AFA0020EC81 /* Sources */,
				B582BD082B078AFA0020EC81 /* Frameworks */,
				B582BD092B078AFA0020EC81 /* Resources */,
			);
			buildRules = (
			);
			dependencies = (
			);
			name = OnboardingFlow;
			productName = OnboardingFlow;
			productReference = B582BD0B2B078AFA0020EC81 /* OnboardingFlow.app */;
			productType = "com.apple.product-type.application";
		};
		B582BD1A2B078AFB0020EC81 /* OnboardingFlowTests */ = {
			isa = PBXNativeTarget;
			buildConfigurationList = B582BD322B078AFB0020EC81 /* Build configuration list for PBXNativeTarget "OnboardingFlowTests" */;
			buildPhases = (
				B582BD172B078AFB0020EC81 /* Sources */,
				B582BD182B078AFB0020EC81 /* Frameworks */,
				B582BD192B078AFB0020EC81 /* Resources */,
			);
			buildRules = (
			);
			dependencies = (
				B582BD1D2B078AFB0020EC81 /* PBXTargetDependency */,
			);
			name = OnboardingFlowTests;
			productName = OnboardingFlowTests;
			productReference = B582BD1B2B078AFB0020EC81 /* OnboardingFlowTests.xctest */;
			productType = "com.apple.product-type.bundle.unit-test";
		};
		B582BD242B078AFB0020EC81 /* OnboardingFlowUITests */ = {
			isa = PBXNativeTarget;
			buildConfigurationList = B582BD352B078AFB0020EC81 /* Build configuration list for PBXNativeTarget "OnboardingFlowUITests" */;
			buildPhases = (
				B582BD212B078AFB0020EC81 /* Sources */,
				B582BD222B078AFB0020EC81 /* Frameworks */,
				B582BD232B078AFB0020EC81 /* Resources */,
			);
			buildRules = (
			);
			dependencies = (
				B582BD272B078AFB0020EC81 /* PBXTargetDependency */,
			);
			name = OnboardingFlowUITests;
			productName = OnboardingFlowUITests;
			productReference = B582BD252B078AFB0020EC81 /* OnboardingFlowUITests.xctest */;
			productType = "com.apple.product-type.bundle.ui-testing";
		};
/* End PBXNativeTarget section */

/* Begin PBXProject section */
		B582BD032B078AFA0020EC81 /* Project object */ = {
			isa = PBXProject;
			attributes = {
				BuildIndependentTargetsInParallel = 1;
				LastSwiftUpdateCheck = 1500;
				LastUpgradeCheck = 1500;
				TargetAttributes = {
					B582BD0A2B078AFA0020EC81 = {
						CreatedOnToolsVersion = 15.0;
					};
					B582BD1A2B078AFB0020EC81 = {
						CreatedOnToolsVersion = 15.0;
						TestTargetID = B582BD0A2B078AFA0020EC81;
					};
					B582BD242B078AFB0020EC81 = {
						CreatedOnToolsVersion = 15.0;
						TestTargetID = B582BD0A2B078AFA0020EC81;
					};
				};
			};
			buildConfigurationList = B582BD062B078AFA0020EC81 /* Build configuration list for PBXProject "OnboardingFlow" */;
			compatibilityVersion = "Xcode 14.0";
			developmentRegion = en;
			hasScannedForEncodings = 0;
			knownRegions = (
				en,
				Base,
			);
			mainGroup = B582BD022B078AFA0020EC81;
			productRefGroup = B582BD0C2B078AFA0020EC81 /* Products */;
			projectDirPath = "";
			projectRoot = "";
			targets = (
				B582BD0A2B078AFA0020EC81 /* OnboardingFlow */,
				B582BD1A2B078AFB0020EC81 /* OnboardingFlowTests */,
				B582BD242B078AFB0020EC81 /* OnboardingFlowUITests */,
			);
		};
/* End PBXProject section */

/* Begin PBXResourcesBuildPhase section */
		B582BD092B078AFA0020EC81 /* Resources */ = {
			isa = PBXResourcesBuildPhase;
			buildActionMask = 2147483647;
			files = (
				B582BD162B078AFB0020EC81 /* Preview Assets.xcassets in Resources */,
				B582BD132B078AFB0020EC81 /* Assets.xcassets in Resources */,
			);
			runOnlyForDeploymentPostprocessing = 0;
		};
		B582BD192B078AFB0020EC81 /* Resources */ = {
			isa = PBXResourcesBuildPhase;
			buildActionMask = 2147483647;
			files = (
			);
			runOnlyForDeploymentPostprocessing = 0;
		};
		B582BD232B078AFB0020EC81 /* Resources */ = {
			isa = PBXResourcesBuildPhase;
			buildActionMask = 2147483647;
			files = (
			);
			runOnlyForDeploymentPostprocessing = 0;
		};
/* End PBXResourcesBuildPhase section */

/* Begin PBXSourcesBuildPhase section */
		B582BD072B078AFA0020EC81 /* Sources */ = {
			isa = PBXSourcesBuildPhase;
			buildActionMask = 2147483647;
			files = (
				B582BD392B078B200020EC81 /* WelcomePage.swift in Sources */,
				B5690C4B2B07A77A00F20571 /* FeaturesPage.swift in Sources */,
				B582BD112B078AFA0020EC81 /* ContentView.swift in Sources */,
				B582BD0F2B078AFA0020EC81 /* OnboardingFlowApp.swift in Sources */,
				B5690C4D2B07A7B400F20571 /* FeatureCard.swift in Sources */,
			);
			runOnlyForDeploymentPostprocessing = 0;
		};
		B582BD172B078AFB0020EC81 /* Sources */ = {
			isa = PBXSourcesBuildPhase;
			buildActionMask = 2147483647;
			files = (
				B582BD202B078AFB0020EC81 /* OnboardingFlowTests.swift in Sources */,
			);
			runOnlyForDeploymentPostprocessing = 0;
		};
		B582BD212B078AFB0020EC81 /* Sources */ = {
			isa = PBXSourcesBuildPhase;
			buildActionMask = 2147483647;
			files = (
				B582BD2A2B078AFB0020EC81 /* OnboardingFlowUITests.swift in Sources */,
				B582BD2C2B078AFB0020EC81 /* OnboardingFlowUITestsLaunchTests.swift in Sources */,
			);
			runOnlyForDeploymentPostprocessing = 0;
		};
/* End PBXSourcesBuildPhase section */

/* Begin PBXTargetDependency section */
		B582BD1D2B078AFB0020EC81 /* PBXTargetDependency */ = {
			isa = PBXTargetDependency;
			target = B582BD0A2B078AFA0020EC81 /* OnboardingFlow */;
			targetProxy = B582BD1C2B078AFB0020EC81 /* PBXContainerItemProxy */;
		};
		B582BD272B078AFB0020EC81 /* PBXTargetDependency */ = {
			isa = PBXTargetDependency;
			target = B582BD0A2B078AFA0020EC81 /* OnboardingFlow */;
			targetProxy = B582BD262B078AFB0020EC81 /* PBXContainerItemProxy */;
		};
/* End PBXTargetDependency section */

/* Begin XCBuildConfiguration section */
		B582BD2D2B078AFB0020EC81 /* Debug */ = {
			isa = XCBuildConfiguration;
			buildSettings = {
				ALWAYS_SEARCH_USER_PATHS = NO;
				ASSETCATALOG_COMPILER_GENERATE_SWIFT_ASSET_SYMBOL_EXTENSIONS = YES;
				CLANG_ANALYZER_NONNULL = YES;
				CLANG_ANALYZER_NUMBER_OBJECT_CONVERSION = YES_AGGRESSIVE;
				CLANG_CXX_LANGUAGE_STANDARD = "gnu++20";
				CLANG_ENABLE_MODULES = YES;
				CLANG_ENABLE_OBJC_ARC = YES;
				CLANG_ENABLE_OBJC_WEAK = YES;
				CLANG_WARN_BLOCK_CAPTURE_AUTORELEASING = YES;
				CLANG_WARN_BOOL_CONVERSION = YES;
				CLANG_WARN_COMMA = YES;
				CLANG_WARN_CONSTANT_CONVERSION = YES;
				CLANG_WARN_DEPRECATED_OBJC_IMPLEMENTATIONS = YES;
				CLANG_WARN_DIRECT_OBJC_ISA_USAGE = YES_ERROR;
				CLANG_WARN_DOCUMENTATION_COMMENTS = YES;
				CLANG_WARN_EMPTY_BODY = YES;
				CLANG_WARN_ENUM_CONVERSION = YES;
				CLANG_WARN_INFINITE_RECURSION = YES;
				CLANG_WARN_INT_CONVERSION = YES;
				CLANG_WARN_NON_LITERAL_NULL_CONVERSION = YES;
				CLANG_WARN_OBJC_IMPLICIT_RETAIN_SELF = YES;
				CLANG_WARN_OBJC_LITERAL_CONVERSION = YES;
				CLANG_WARN_OBJC_ROOT_CLASS = YES_ERROR;
				CLANG_WARN_QUOTED_INCLUDE_IN_FRAMEWORK_HEADER = YES;
				CLANG_WARN_RANGE_LOOP_ANALYSIS = YES;
				CLANG_WARN_STRICT_PROTOTYPES = YES;
				CLANG_WARN_SUSPICIOUS_MOVE = YES;
				CLANG_WARN_UNGUARDED_AVAILABILITY = YES_AGGRESSIVE;
				CLANG_WARN_UNREACHABLE_CODE = YES;
				CLANG_WARN__DUPLICATE_METHOD_MATCH = YES;
				COPY_PHASE_STRIP = NO;
				DEBUG_INFORMATION_FORMAT = dwarf;
				ENABLE_STRICT_OBJC_MSGSEND = YES;
				ENABLE_TESTABILITY = YES;
				ENABLE_USER_SCRIPT_SANDBOXING = YES;
				GCC_C_LANGUAGE_STANDARD = gnu17;
				GCC_DYNAMIC_NO_PIC = NO;
				GCC_NO_COMMON_BLOCKS = YES;
				GCC_OPTIMIZATION_LEVEL = 0;
				GCC_PREPROCESSOR_DEFINITIONS = (
					"DEBUG=1",
					"$(inherited)",
				);
				GCC_WARN_64_TO_32_BIT_CONVERSION = YES;
				GCC_WARN_ABOUT_RETURN_TYPE = YES_ERROR;
				GCC_WARN_UNDECLARED_SELECTOR = YES;
				GCC_WARN_UNINITIALIZED_AUTOS = YES_AGGRESSIVE;
				GCC_WARN_UNUSED_FUNCTION = YES;
				GCC_WARN_UNUSED_VARIABLE = YES;
				IPHONEOS_DEPLOYMENT_TARGET = 17.0;
				LOCALIZATION_PREFERS_STRING_CATALOGS = YES;
				MTL_ENABLE_DEBUG_INFO = INCLUDE_SOURCE;
				MTL_FAST_MATH = YES;
				ONLY_ACTIVE_ARCH = YES;
				SDKROOT = iphoneos;
				SWIFT_ACTIVE_COMPILATION_CONDITIONS = "DEBUG $(inherited)";
				SWIFT_OPTIMIZATION_LEVEL = "-Onone";
			};
			name = Debug;
		};
		B582BD2E2B078AFB0020EC81 /* Release */ = {
			isa = XCBuildConfiguration;
			buildSettings = {
				ALWAYS_SEARCH_USER_PATHS = NO;
				ASSETCATALOG_COMPILER_GENERATE_SWIFT_ASSET_SYMBOL_EXTENSIONS = YES;
				CLANG_ANALYZER_NONNULL = YES;
				CLANG_ANALYZER_NUMBER_OBJECT_CONVERSION = YES_AGGRESSIVE;
				CLANG_CXX_LANGUAGE_STANDARD = "gnu++20";
				CLANG_ENABLE_MODULES = YES;
				CLANG_ENABLE_OBJC_ARC = YES;
				CLANG_ENABLE_OBJC_WEAK = YES;
				CLANG_WARN_BLOCK_CAPTURE_AUTORELEASING = YES;
				CLANG_WARN_BOOL_CONVERSION = YES;
				CLANG_WARN_COMMA = YES;
				CLANG_WARN_CONSTANT_CONVERSION = YES;
				CLANG_WARN_DEPRECATED_OBJC_IMPLEMENTATIONS = YES;
				CLANG_WARN_DIRECT_OBJC_ISA_USAGE = YES_ERROR;
				CLANG_WARN_DOCUMENTATION_COMMENTS = YES;
				CLANG_WARN_EMPTY_BODY = YES;
				CLANG_WARN_ENUM_CONVERSION = YES;
				CLANG_WARN_INFINITE_RECURSION = YES;
				CLANG_WARN_INT_CONVERSION = YES;
				CLANG_WARN_NON_LITERAL_NULL_CONVERSION = YES;
				CLANG_WARN_OBJC_IMPLICIT_RETAIN_SELF = YES;
				CLANG_WARN_OBJC_LITERAL_CONVERSION = YES;
				CLANG_WARN_OBJC_ROOT_CLASS = YES_ERROR;
				CLANG_WARN_QUOTED_INCLUDE_IN_FRAMEWORK_HEADER = YES;
				CLANG_WARN_RANGE_LOOP_ANALYSIS = YES;
				CLANG_WARN_STRICT_PROTOTYPES = YES;
				CLANG_WARN_SUSPICIOUS_MOVE = YES;
				CLANG_WARN_UNGUARDED_AVAILABILITY = YES_AGGRESSIVE;
				CLANG_WARN_UNREACHABLE_CODE = YES;
				CLANG_WARN__DUPLICATE_METHOD_MATCH = YES;
				COPY_PHASE_STRIP = NO;
				DEBUG_INFORMATION_FORMAT = "dwarf-with-dsym";
				ENABLE_NS_ASSERTIONS = NO;
				ENABLE_STRICT_OBJC_MSGSEND = YES;
				ENABLE_USER_SCRIPT_SANDBOXING = YES;
				GCC_C_LANGUAGE_STANDARD = gnu17;
				GCC_NO_COMMON_BLOCKS = YES;
				GCC_WARN_64_TO_32_BIT_CONVERSION = YES;
				GCC_WARN_ABOUT_RETURN_TYPE = YES_ERROR;
				GCC_WARN_UNDECLARED_SELECTOR = YES;
				GCC_WARN_UNINITIALIZED_AUTOS = YES_AGGRESSIVE;
				GCC_WARN_UNUSED_FUNCTION = YES;
				GCC_WARN_UNUSED_VARIABLE = YES;
				IPHONEOS_DEPLOYMENT_TARGET = 17.0;
				LOCALIZATION_PREFERS_STRING_CATALOGS = YES;
				MTL_ENABLE_DEBUG_INFO = NO;
				MTL_FAST_MATH = YES;
				SDKROOT = iphoneos;
				SWIFT_COMPILATION_MODE = wholemodule;
				VALIDATE_PRODUCT = YES;
			};
			name = Release;
		};
		B582BD302B078AFB0020EC81 /* Debug */ = {
			isa = XCBuildConfiguration;
			buildSettings = {
				ASSETCATALOG_COMPILER_APPICON_NAME = AppIcon;
				ASSETCATALOG_COMPILER_GLOBAL_ACCENT_COLOR_NAME = AccentColor;
				CODE_SIGN_STYLE = Automatic;
				CURRENT_PROJECT_VERSION = 1;
				DEVELOPMENT_ASSET_PATHS = "\"OnboardingFlow/Preview Content\"";
				ENABLE_PREVIEWS = YES;
				GENERATE_INFOPLIST_FILE = YES;
				INFOPLIST_KEY_UIApplicationSceneManifest_Generation = YES;
				INFOPLIST_KEY_UIApplicationSupportsIndirectInputEvents = YES;
				INFOPLIST_KEY_UILaunchScreen_Generation = YES;
				INFOPLIST_KEY_UISupportedInterfaceOrientations_iPad = "UIInterfaceOrientationPortrait UIInterfaceOrientationPortraitUpsideDown UIInterfaceOrientationLandscapeLeft UIInterfaceOrientationLandscapeRight";
				INFOPLIST_KEY_UISupportedInterfaceOrientations_iPhone = "UIInterfaceOrientationPortrait UIInterfaceOrientationLandscapeLeft UIInterfaceOrientationLandscapeRight";
				LD_RUNPATH_SEARCH_PATHS = (
					"$(inherited)",
					"@executable_path/Frameworks",
				);
				MARKETING_VERSION = 1.0;
				PRODUCT_BUNDLE_IDENTIFIER = tutorial.OnboardingFlow;
				PRODUCT_NAME = "$(TARGET_NAME)";
				SWIFT_EMIT_LOC_STRINGS = YES;
				SWIFT_VERSION = 5.0;
				TARGETED_DEVICE_FAMILY = "1,2";
			};
			name = Debug;
		};
		B582BD312B078AFB0020EC81 /* Release */ = {
			isa = XCBuildConfiguration;
			buildSettings = {
				ASSETCATALOG_COMPILER_APPICON_NAME = AppIcon;
				ASSETCATALOG_COMPILER_GLOBAL_ACCENT_COLOR_NAME = AccentColor;
				CODE_SIGN_STYLE = Automatic;
				CURRENT_PROJECT_VERSION = 1;
				DEVELOPMENT_ASSET_PATHS = "\"OnboardingFlow/Preview Content\"";
				ENABLE_PREVIEWS = YES;
				GENERATE_INFOPLIST_FILE = YES;
				INFOPLIST_KEY_UIApplicationSceneManifest_Generation = YES;
				INFOPLIST_KEY_UIApplicationSupportsIndirectInputEvents = YES;
				INFOPLIST_KEY_UILaunchScreen_Generation = YES;
				INFOPLIST_KEY_UISupportedInterfaceOrientations_iPad = "UIInterfaceOrientationPortrait UIInterfaceOrientationPortraitUpsideDown UIInterfaceOrientationLandscapeLeft UIInterfaceOrientationLandscapeRight";
				INFOPLIST_KEY_UISupportedInterfaceOrientations_iPhone = "UIInterfaceOrientationPortrait UIInterfaceOrientationLandscapeLeft UIInterfaceOrientationLandscapeRight";
				LD_RUNPATH_SEARCH_PATHS = (
					"$(inherited)",
					"@executable_path/Frameworks",
				);
				MARKETING_VERSION = 1.0;
				PRODUCT_BUNDLE_IDENTIFIER = tutorial.OnboardingFlow;
				PRODUCT_NAME = "$(TARGET_NAME)";
				SWIFT_EMIT_LOC_STRINGS = YES;
				SWIFT_VERSION = 5.0;
				TARGETED_DEVICE_FAMILY = "1,2";
			};
			name = Release;
		};
		B582BD332B078AFB0020EC81 /* Debug */ = {
			isa = XCBuildConfiguration;
			buildSettings = {
				ALWAYS_EMBED_SWIFT_STANDARD_LIBRARIES = YES;
				BUNDLE_LOADER = "$(TEST_HOST)";
				CODE_SIGN_STYLE = Automatic;
				CURRENT_PROJECT_VERSION = 1;
				GENERATE_INFOPLIST_FILE = YES;
				IPHONEOS_DEPLOYMENT_TARGET = 17.0;
				MARKETING_VERSION = 1.0;
				PRODUCT_BUNDLE_IDENTIFIER = tutorial.OnboardingFlowTests;
				PRODUCT_NAME = "$(TARGET_NAME)";
				SWIFT_EMIT_LOC_STRINGS = NO;
				SWIFT_VERSION = 5.0;
				TARGETED_DEVICE_FAMILY = "1,2";
				TEST_HOST = "$(BUILT_PRODUCTS_DIR)/OnboardingFlow.app/$(BUNDLE_EXECUTABLE_FOLDER_PATH)/OnboardingFlow";
			};
			name = Debug;
		};
		B582BD342B078AFB0020EC81 /* Release */ = {
			isa = XCBuildConfiguration;
			buildSettings = {
				ALWAYS_EMBED_SWIFT_STANDARD_LIBRARIES = YES;
				BUNDLE_LOADER = "$(TEST_HOST)";
				CODE_SIGN_STYLE = Automatic;
				CURRENT_PROJECT_VERSION = 1;
				GENERATE_INFOPLIST_FILE = YES;
				IPHONEOS_DEPLOYMENT_TARGET = 17.0;
				MARKETING_VERSION = 1.0;
				PRODUCT_BUNDLE_IDENTIFIER = tutorial.OnboardingFlowTests;
				PRODUCT_NAME = "$(TARGET_NAME)";
				SWIFT_EMIT_LOC_STRINGS = NO;
				SWIFT_VERSION = 5.0;
				TARGETED_DEVICE_FAMILY = "1,2";
				TEST_HOST = "$(BUILT_PRODUCTS_DIR)/OnboardingFlow.app/$(BUNDLE_EXECUTABLE_FOLDER_PATH)/OnboardingFlow";
			};
			name = Release;
		};
		B582BD362B078AFB0020EC81 /* Debug */ = {
			isa = XCBuildConfiguration;
			buildSettings = {
				ALWAYS_EMBED_SWIFT_STANDARD_LIBRARIES = YES;
				CODE_SIGN_STYLE = Automatic;
				CURRENT_PROJECT_VERSION = 1;
				GENERATE_INFOPLIST_FILE = YES;
				MARKETING_VERSION = 1.0;
				PRODUCT_BUNDLE_IDENTIFIER = tutorial.OnboardingFlowUITests;
				PRODUCT_NAME = "$(TARGET_NAME)";
				SWIFT_EMIT_LOC_STRINGS = NO;
				SWIFT_VERSION = 5.0;
				TARGETED_DEVICE_FAMILY = "1,2";
				TEST_TARGET_NAME = OnboardingFlow;
			};
			name = Debug;
		};
		B582BD372B078AFB0020EC81 /* Release */ = {
			isa = XCBuildConfiguration;
			buildSettings = {
				ALWAYS_EMBED_SWIFT_STANDARD_LIBRARIES = YES;
				CODE_SIGN_STYLE = Automatic;
				CURRENT_PROJECT_VERSION = 1;
				GENERATE_INFOPLIST_FILE = YES;
				MARKETING_VERSION = 1.0;
				PRODUCT_BUNDLE_IDENTIFIER = tutorial.OnboardingFlowUITests;
				PRODUCT_NAME = "$(TARGET_NAME)";
				SWIFT_EMIT_LOC_STRINGS = NO;
				SWIFT_VERSION = 5.0;
				TARGETED_DEVICE_FAMILY = "1,2";
				TEST_TARGET_NAME = OnboardingFlow;
			};
			name = Release;
		};
/* End XCBuildConfiguration section */

/* Begin XCConfigurationList section */
		B582BD062B078AFA0020EC81 /* Build configuration list for PBXProject "OnboardingFlow" */ = {
			isa = XCConfigurationList;
			buildConfigurations = (
				B582BD2D2B078AFB0020EC81 /* Debug */,
				B582BD2E2B078AFB0020EC81 /* Release */,
			);
			defaultConfigurationIsVisible = 0;
			defaultConfigurationName = Release;
		};
		B582BD2F2B078AFB0020EC81 /* Build configuration list for PBXNativeTarget "OnboardingFlow" */ = {
			isa = XCConfigurationList;
			buildConfigurations = (
				B582BD302B078AFB0020EC81 /* Debug */,
				B582BD312B078AFB0020EC81 /* Release */,
			);
			defaultConfigurationIsVisible = 0;
			defaultConfigurationName = Release;
		};
		B582BD322B078AFB0020EC81 /* Build configuration list for PBXNativeTarget "OnboardingFlowTests" */ = {
			isa = XCConfigurationList;
			buildConfigurations = (
				B582BD332B078AFB0020EC81 /* Debug */,
				B582BD342B078AFB0020EC81 /* Release */,
			);
			defaultConfigurationIsVisible = 0;
			defaultConfigurationName = Release;
		};
		B582BD352B078AFB0020EC81 /* Build configuration list for PBXNativeTarget "OnboardingFlowUITests" */ = {
			isa = XCConfigurationList;
			buildConfigurations = (
				B582BD362B078AFB0020EC81 /* Debug */,
				B582BD372B078AFB0020EC81 /* Release */,
			);
			defaultConfigurationIsVisible = 0;
			defaultConfigurationName = Release;
		};
/* End XCConfigurationList section */
	};
	rootObject = B582BD032B078AFA0020EC81 /* Project object */;
}
